
Microsoft Visual Studio Solution File, Format Version 10.00
# Visual Studio 2008
Project("{FAE04EC0-301F-11D3-BF4B-00C04F79EFBC}") = "HelpInDesk.Model", "HelpInDesk.Model\HelpInDesk.Model.csproj", "{D6A124DF-E388-4EC8-89E9-86FB1356347C}"
EndProject
Project("{FAE04EC0-301F-11D3-BF4B-00C04F79EFBC}") = "HelpInDesk.Model.Tests", "HelpInDesk.Model.Tests\HelpInDesk.Model.Tests.csproj", "{C24B6F94-8957-4FB3-86F1-A54DCD37BBD3}"
EndProject
Project("{2150E333-8FDC-42A3-9474-1A3956D46DE8}") = "Solution Items", "Solution Items", "{3419B29C-215C-4DFA-B8BC-B4E4A4865999}"
	ProjectSection(SolutionItems) = preProject
		HelpInDesk.vsmdi = HelpInDesk.vsmdi
		LocalTestRun.testrunconfig = LocalTestRun.testrunconfig
	EndProjectSection
EndProject
Project("{2150E333-8FDC-42A3-9474-1A3956D46DE8}") = "Tests", "Tests", "{6D21F578-F8C7-46E7-982A-615426EDF177}"
EndProject
Project("{FAE04EC0-301F-11D3-BF4B-00C04F79EFBC}") = "HelpInDesk.Presentation", "HelpInDesk.Presentation\HelpInDesk.Presentation.csproj", "{DCF6932F-550D-43C9-9E4C-53B71BE8F5FF}"
EndProject
Project("{FAE04EC0-301F-11D3-BF4B-00C04F79EFBC}") = "HelpInDesk.UI.Web", "HelpInDesk.UI.Web\HelpInDesk.UI.Web.csproj", "{74F88019-731B-4DD3-A588-0D6F241AA378}"
EndProject
Project("{FAE04EC0-301F-11D3-BF4B-00C04F79EFBC}") = "HelpInDesk.Repository.Linq", "HelpInDesk.Repository.Linq\HelpInDesk.Repository.Linq.csproj", "{1760C8DE-1A4D-4476-B5B3-C8E065186735}"
EndProject
Project("{FAE04EC0-301F-11D3-BF4B-00C04F79EFBC}") = "HelpInDesk.Repository.Entity", "HelpInDesk.Repository.Entity\HelpInDesk.Repository.Entity.csproj", "{4B26AD16-7669-4D00-ADF8-509C49C1D71E}"
EndProject
Global
	GlobalSection(TestCaseManagementSettings) = postSolution
		CategoryFile = HelpInDesk.vsmdi
	EndGlobalSection
	GlobalSection(SolutionConfigurationPlatforms) = preSolution
		Debug|Any CPU = Debug|Any CPU
		Release|Any CPU = Release|Any CPU
	EndGlobalSection
	GlobalSection(ProjectConfigurationPlatforms) = postSolution
		{D6A124DF-E388-4EC8-89E9-86FB1356347C}.Debug|Any CPU.ActiveCfg = Debug|Any CPU
		{D6A124DF-E388-4EC8-89E9-86FB1356347C}.Debug|Any CPU.Build.0 = Debug|Any CPU
		{D6A124DF-E388-4EC8-89E9-86FB1356347C}.Release|Any CPU.ActiveCfg = Release|Any CPU
		{D6A124DF-E388-4EC8-89E9-86FB1356347C}.Release|Any CPU.Build.0 = Release|Any CPU
		{C24B6F94-8957-4FB3-86F1-A54DCD37BBD3}.Debug|Any CPU.ActiveCfg = Debug|Any CPU
		{C24B6F94-8957-4FB3-86F1-A54DCD37BBD3}.Debug|Any CPU.Build.0 = Debug|Any CPU
		{C24B6F94-8957-4FB3-86F1-A54DCD37BBD3}.Release|Any CPU.ActiveCfg = Release|Any CPU
		{C24B6F94-8957-4FB3-86F1-A54DCD37BBD3}.Release|Any CPU.Build.0 = Release|Any CPU
		{DCF6932F-550D-43C9-9E4C-53B71BE8F5FF}.Debug|Any CPU.ActiveCfg = Debug|Any CPU
		{DCF6932F-550D-43C9-9E4C-53B71BE8F5FF}.Debug|Any CPU.Build.0 = Debug|Any CPU
		{DCF6932F-550D-43C9-9E4C-53B71BE8F5FF}.Release|Any CPU.ActiveCfg = Release|Any CPU
		{DCF6932F-550D-43C9-9E4C-53B71BE8F5FF}.Release|Any CPU.Build.0 = Release|Any CPU
		{74F88019-731B-4DD3-A588-0D6F241AA378}.Debug|Any CPU.ActiveCfg = Debug|Any CPU
		{74F88019-731B-4DD3-A588-0D6F241AA378}.Debug|Any CPU.Build.0 = Debug|Any CPU
		{74F88019-731B-4DD3-A588-0D6F241AA378}.Release|Any CPU.ActiveCfg = Release|Any CPU
		{74F88019-731B-4DD3-A588-0D6F241AA378}.Release|Any CPU.Build.0 = Release|Any CPU
		{1760C8DE-1A4D-4476-B5B3-C8E065186735}.Debug|Any CPU.ActiveCfg = Debug|Any CPU
		{1760C8DE-1A4D-4476-B5B3-C8E065186735}.Debug|Any CPU.Build.0 = Debug|Any CPU
		{1760C8DE-1A4D-4476-B5B3-C8E065186735}.Release|Any CPU.ActiveCfg = Release|Any CPU
		{1760C8DE-1A4D-4476-B5B3-C8E065186735}.Release|Any CPU.Build.0 = Release|Any CPU
		{4B26AD16-7669-4D00-ADF8-509C49C1D71E}.Debug|Any CPU.ActiveCfg = Debug|Any CPU
		{4B26AD16-7669-4D00-ADF8-509C49C1D71E}.Debug|Any CPU.Build.0 = Debug|Any CPU
		{4B26AD16-7669-4D00-ADF8-509C49C1D71E}.Release|Any CPU.ActiveCfg = Release|Any CPU
		{4B26AD16-7669-4D00-ADF8-509C49C1D71E}.Release|Any CPU.Build.0 = Release|Any CPU
	EndGlobalSection
	GlobalSection(SolutionProperties) = preSolution
		HideSolutionNode = FALSE
	EndGlobalSection
	GlobalSection(NestedProjects) = preSolution
		{C24B6F94-8957-4FB3-86F1-A54DCD37BBD3} = {6D21F578-F8C7-46E7-982A-615426EDF177}
	EndGlobalSection
EndGlobal
